
Microsoft Visual Studio Solution File, Format Version 12.00
# Visual Studio Version 17
VisualStudioVersion = 17.11.35327.3
MinimumVisualStudioVersion = 10.0.40219.1
Project("{FAE04EC0-301F-11D3-BF4B-00C04F79EFBC}") = "Week5_Applications", "Week5_Applications\Week5_Applications.csproj", "{115493DE-7DAA-4782-98E6-9889DEA2C15D}"
EndProject
Project("{FAE04EC0-301F-11D3-BF4B-00C04F79EFBC}") = "02Arrays", "02Arrays\02Arrays.csproj", "{5AC3C76C-509C-49D3-9F71-C2DC3F0778E9}"
EndProject
Project("{FAE04EC0-301F-11D3-BF4B-00C04F79EFBC}") = "02Arrays_Practise", "02Arrays_Practise\02Arrays_Practise.csproj", "{5F8C745D-AE71-4946-889D-1E220C1066EC}"
EndProject
Global
	GlobalSection(SolutionConfigurationPlatforms) = preSolution
		Debug|Any CPU = Debug|Any CPU
		Release|Any CPU = Release|Any CPU
	EndGlobalSection
	GlobalSection(ProjectConfigurationPlatforms) = postSolution
		{115493DE-7DAA-4782-98E6-9889DEA2C15D}.Debug|Any CPU.ActiveCfg = Debug|Any CPU
		{115493DE-7DAA-4782-98E6-9889DEA2C15D}.Debug|Any CPU.Build.0 = Debug|Any CPU
		{115493DE-7DAA-4782-98E6-9889DEA2C15D}.Release|Any CPU.ActiveCfg = Release|Any CPU
		{115493DE-7DAA-4782-98E6-9889DEA2C15D}.Release|Any CPU.Build.0 = Release|Any CPU
		{5AC3C76C-509C-49D3-9F71-C2DC3F0778E9}.Debug|Any CPU.ActiveCfg = Debug|Any CPU
		{5AC3C76C-509C-49D3-9F71-C2DC3F0778E9}.Debug|Any CPU.Build.0 = Debug|Any CPU
		{5AC3C76C-509C-49D3-9F71-C2DC3F0778E9}.Release|Any CPU.ActiveCfg = Release|Any CPU
		{5AC3C76C-509C-49D3-9F71-C2DC3F0778E9}.Release|Any CPU.Build.0 = Release|Any CPU
		{5F8C745D-AE71-4946-889D-1E220C1066EC}.Debug|Any CPU.ActiveCfg = Debug|Any CPU
		{5F8C745D-AE71-4946-889D-1E220C1066EC}.Debug|Any CPU.Build.0 = Debug|Any CPU
		{5F8C745D-AE71-4946-889D-1E220C1066EC}.Release|Any CPU.ActiveCfg = Release|Any CPU
		{5F8C745D-AE71-4946-889D-1E220C1066EC}.Release|Any CPU.Build.0 = Release|Any CPU
	EndGlobalSection
	GlobalSection(SolutionProperties) = preSolution
		HideSolutionNode = FALSE
	EndGlobalSection
	GlobalSection(ExtensibilityGlobals) = postSolution
		SolutionGuid = {1495074D-BAF9-4848-942B-C2B414788DC2}
	EndGlobalSection
EndGlobal
